// !$*UTF8*$!
{
	archiveVersion = 1;
	classes = {
	};
	objectVersion = 56;
	objects = {

/* Begin PBXBuildFile section */
		0A2D1DAA28F3181C0065B6DC /* AppDelegate.swift in Sources */ = {isa = PBXBuildFile; fileRef = 0A2D1DA928F3181C0065B6DC /* AppDelegate.swift */; };
		0A2D1DAC28F3181C0065B6DC /* SceneDelegate.swift in Sources */ = {isa = PBXBuildFile; fileRef = 0A2D1DAB28F3181C0065B6DC /* SceneDelegate.swift */; };
		0A2D1DAE28F3181C0065B6DC /* DustViewController.swift in Sources */ = {isa = PBXBuildFile; fileRef = 0A2D1DAD28F3181C0065B6DC /* DustViewController.swift */; };
		0A2D1DB328F3181D0065B6DC /* Assets.xcassets in Resources */ = {isa = PBXBuildFile; fileRef = 0A2D1DB228F3181D0065B6DC /* Assets.xcassets */; };
		0A2D1DB628F3181D0065B6DC /* LaunchScreen.storyboard in Resources */ = {isa = PBXBuildFile; fileRef = 0A2D1DB428F3181D0065B6DC /* LaunchScreen.storyboard */; };
		0A2D1DBF28F321990065B6DC /* SnapKit in Frameworks */ = {isa = PBXBuildFile; productRef = 0A2D1DBE28F321990065B6DC /* SnapKit */; };
		0A436ED428F4849E00DDE543 /* UILabel+.swift in Sources */ = {isa = PBXBuildFile; fileRef = 0A436ED328F4849E00DDE543 /* UILabel+.swift */; };
		0A739EAC28F3639800E629E8 /* PassThroughView.swift in Sources */ = {isa = PBXBuildFile; fileRef = 0A739EAB28F3639800E629E8 /* PassThroughView.swift */; };
		0A739EAE28F363BF00E629E8 /* BottomSheetView.swift in Sources */ = {isa = PBXBuildFile; fileRef = 0A739EAD28F363BF00E629E8 /* BottomSheetView.swift */; };
		0A739EB128F3691800E629E8 /* UIColor+.swift in Sources */ = {isa = PBXBuildFile; fileRef = 0A739EB028F3691800E629E8 /* UIColor+.swift */; };
		0A7F98D028F3310500C1AB50 /* AirPollutionApiModel.swift in Sources */ = {isa = PBXBuildFile; fileRef = 0A7F98CF28F3310500C1AB50 /* AirPollutionApiModel.swift */; };
		0A7F98D428F332B000C1AB50 /* NetworkError.swift in Sources */ = {isa = PBXBuildFile; fileRef = 0A7F98D328F332B000C1AB50 /* NetworkError.swift */; };
		0A7F98D628F3330600C1AB50 /* NetworkManager.swift in Sources */ = {isa = PBXBuildFile; fileRef = 0A7F98D528F3330600C1AB50 /* NetworkManager.swift */; };
		0A7F98DB28F3349D00C1AB50 /* APIKey.swift in Sources */ = {isa = PBXBuildFile; fileRef = 0A7F98DA28F3349D00C1AB50 /* APIKey.swift */; };
		0A7F98E028F3437900C1AB50 /* AirPollutionDataStatus.swift in Sources */ = {isa = PBXBuildFile; fileRef = 0A7F98DF28F3437900C1AB50 /* AirPollutionDataStatus.swift */; };
		0A9EB1E728F4F83000975AF9 /* WeatherDataApiModel.swift in Sources */ = {isa = PBXBuildFile; fileRef = 0A9EB1E628F4F83000975AF9 /* WeatherDataApiModel.swift */; };
		0A9EB1EA28F5332400975AF9 /* UITextField+.swift in Sources */ = {isa = PBXBuildFile; fileRef = 0A9EB1E928F5332400975AF9 /* UITextField+.swift */; };
/* End PBXBuildFile section */

/* Begin PBXFileReference section */
		0A2D1DA628F3181C0065B6DC /* AirPollution-Weather-APP.app */ = {isa = PBXFileReference; explicitFileType = wrapper.application; includeInIndex = 0; path = "AirPollution-Weather-APP.app"; sourceTree = BUILT_PRODUCTS_DIR; };
		0A2D1DA928F3181C0065B6DC /* AppDelegate.swift */ = {isa = PBXFileReference; lastKnownFileType = sourcecode.swift; path = AppDelegate.swift; sourceTree = "<group>"; };
		0A2D1DAB28F3181C0065B6DC /* SceneDelegate.swift */ = {isa = PBXFileReference; lastKnownFileType = sourcecode.swift; path = SceneDelegate.swift; sourceTree = "<group>"; };
		0A2D1DAD28F3181C0065B6DC /* DustViewController.swift */ = {isa = PBXFileReference; lastKnownFileType = sourcecode.swift; path = DustViewController.swift; sourceTree = "<group>"; };
		0A2D1DB228F3181D0065B6DC /* Assets.xcassets */ = {isa = PBXFileReference; lastKnownFileType = folder.assetcatalog; path = Assets.xcassets; sourceTree = "<group>"; };
		0A2D1DB528F3181D0065B6DC /* Base */ = {isa = PBXFileReference; lastKnownFileType = file.storyboard; name = Base; path = Base.lproj/LaunchScreen.storyboard; sourceTree = "<group>"; };
		0A2D1DB728F3181D0065B6DC /* Info.plist */ = {isa = PBXFileReference; lastKnownFileType = text.plist.xml; path = Info.plist; sourceTree = "<group>"; };
		0A436ED328F4849E00DDE543 /* UILabel+.swift */ = {isa = PBXFileReference; lastKnownFileType = sourcecode.swift; path = "UILabel+.swift"; sourceTree = "<group>"; };
		0A739EAB28F3639800E629E8 /* PassThroughView.swift */ = {isa = PBXFileReference; lastKnownFileType = sourcecode.swift; path = PassThroughView.swift; sourceTree = "<group>"; };
		0A739EAD28F363BF00E629E8 /* BottomSheetView.swift */ = {isa = PBXFileReference; lastKnownFileType = sourcecode.swift; path = BottomSheetView.swift; sourceTree = "<group>"; };
		0A739EB028F3691800E629E8 /* UIColor+.swift */ = {isa = PBXFileReference; lastKnownFileType = sourcecode.swift; path = "UIColor+.swift"; sourceTree = "<group>"; };
		0A7F98CF28F3310500C1AB50 /* AirPollutionApiModel.swift */ = {isa = PBXFileReference; lastKnownFileType = sourcecode.swift; path = AirPollutionApiModel.swift; sourceTree = "<group>"; };
		0A7F98D328F332B000C1AB50 /* NetworkError.swift */ = {isa = PBXFileReference; lastKnownFileType = sourcecode.swift; path = NetworkError.swift; sourceTree = "<group>"; };
		0A7F98D528F3330600C1AB50 /* NetworkManager.swift */ = {isa = PBXFileReference; lastKnownFileType = sourcecode.swift; path = NetworkManager.swift; sourceTree = "<group>"; };
		0A7F98DA28F3349D00C1AB50 /* APIKey.swift */ = {isa = PBXFileReference; lastKnownFileType = sourcecode.swift; path = APIKey.swift; sourceTree = "<group>"; };
		0A7F98DF28F3437900C1AB50 /* AirPollutionDataStatus.swift */ = {isa = PBXFileReference; lastKnownFileType = sourcecode.swift; path = AirPollutionDataStatus.swift; sourceTree = "<group>"; };
		0A9EB1E628F4F83000975AF9 /* WeatherDataApiModel.swift */ = {isa = PBXFileReference; lastKnownFileType = sourcecode.swift; path = WeatherDataApiModel.swift; sourceTree = "<group>"; };
		0A9EB1E928F5332400975AF9 /* UITextField+.swift */ = {isa = PBXFileReference; lastKnownFileType = sourcecode.swift; path = "UITextField+.swift"; sourceTree = "<group>"; };
/* End PBXFileReference section */

/* Begin PBXFrameworksBuildPhase section */
		0A2D1DA328F3181C0065B6DC /* Frameworks */ = {
			isa = PBXFrameworksBuildPhase;
			buildActionMask = 2147483647;
			files = (
				0A2D1DBF28F321990065B6DC /* SnapKit in Frameworks */,
			);
			runOnlyForDeploymentPostprocessing = 0;
		};
/* End PBXFrameworksBuildPhase section */

/* Begin PBXGroup section */
		0A2D1D9D28F3181C0065B6DC = {
			isa = PBXGroup;
			children = (
				0A2D1DA828F3181C0065B6DC /* AirPollution-Weather-APP */,
				0A2D1DA728F3181C0065B6DC /* Products */,
			);
			sourceTree = "<group>";
		};
		0A2D1DA728F3181C0065B6DC /* Products */ = {
			isa = PBXGroup;
			children = (
				0A2D1DA628F3181C0065B6DC /* AirPollution-Weather-APP.app */,
			);
			name = Products;
			sourceTree = "<group>";
		};
		0A2D1DA828F3181C0065B6DC /* AirPollution-Weather-APP */ = {
			isa = PBXGroup;
			children = (
				0A2D1DA928F3181C0065B6DC /* AppDelegate.swift */,
				0A2D1DAB28F3181C0065B6DC /* SceneDelegate.swift */,
				0A739EAF28F3690100E629E8 /* Extension */,
				0A2D1DC128F330C50065B6DC /* Model */,
				0A7F98DF28F3437900C1AB50 /* AirPollutionDataStatus.swift */,
				0A7F98D228F3329D00C1AB50 /* Network */,
				0A2D1DC028F324990065B6DC /* Scene */,
				0A2D1DB228F3181D0065B6DC /* Assets.xcassets */,
				0A2D1DB428F3181D0065B6DC /* LaunchScreen.storyboard */,
				0A2D1DB728F3181D0065B6DC /* Info.plist */,
			);
			path = "AirPollution-Weather-APP";
			sourceTree = "<group>";
		};
		0A2D1DC028F324990065B6DC /* Scene */ = {
			isa = PBXGroup;
			children = (
				0A436ED728F4A65700DDE543 /* MainViewPage */,
				0A436ED828F4A66200DDE543 /* BottomViewPage */,
			);
			path = Scene;
			sourceTree = "<group>";
		};
		0A2D1DC128F330C50065B6DC /* Model */ = {
			isa = PBXGroup;
			children = (
				0A9EB1E828F4F83A00975AF9 /* API */,
				0A7F98D728F3342E00C1AB50 /* APIKey */,
			);
			path = Model;
			sourceTree = "<group>";
		};
		0A436ED728F4A65700DDE543 /* MainViewPage */ = {
			isa = PBXGroup;
			children = (
				0A2D1DAD28F3181C0065B6DC /* DustViewController.swift */,
			);
			path = MainViewPage;
			sourceTree = "<group>";
		};
		0A436ED828F4A66200DDE543 /* BottomViewPage */ = {
			isa = PBXGroup;
			children = (
				0A739EAD28F363BF00E629E8 /* BottomSheetView.swift */,
				0A739EAB28F3639800E629E8 /* PassThroughView.swift */,
			);
			path = BottomViewPage;
			sourceTree = "<group>";
		};
		0A739EAF28F3690100E629E8 /* Extension */ = {
			isa = PBXGroup;
			children = (
				0A739EB028F3691800E629E8 /* UIColor+.swift */,
				0A436ED328F4849E00DDE543 /* UILabel+.swift */,
				0A9EB1E928F5332400975AF9 /* UITextField+.swift */,
			);
			path = Extension;
			sourceTree = "<group>";
		};
		0A7F98D228F3329D00C1AB50 /* Network */ = {
			isa = PBXGroup;
			children = (
				0A7F98D528F3330600C1AB50 /* NetworkManager.swift */,
				0A7F98D328F332B000C1AB50 /* NetworkError.swift */,
			);
			path = Network;
			sourceTree = "<group>";
		};
		0A7F98D728F3342E00C1AB50 /* APIKey */ = {
			isa = PBXGroup;
			children = (
				0A7F98DA28F3349D00C1AB50 /* APIKey.swift */,
			);
			path = APIKey;
			sourceTree = "<group>";
		};
		0A9EB1E828F4F83A00975AF9 /* API */ = {
			isa = PBXGroup;
			children = (
				0A7F98CF28F3310500C1AB50 /* AirPollutionApiModel.swift */,
				0A9EB1E628F4F83000975AF9 /* WeatherDataApiModel.swift */,
			);
			path = API;
			sourceTree = "<group>";
		};
/* End PBXGroup section */

/* Begin PBXNativeTarget section */
		0A2D1DA528F3181C0065B6DC /* AirPollution-Weather-APP */ = {
			isa = PBXNativeTarget;
			buildConfigurationList = 0A2D1DBA28F3181D0065B6DC /* Build configuration list for PBXNativeTarget "AirPollution-Weather-APP" */;
			buildPhases = (
				0A2D1DA228F3181C0065B6DC /* Sources */,
				0A2D1DA328F3181C0065B6DC /* Frameworks */,
				0A2D1DA428F3181C0065B6DC /* Resources */,
			);
			buildRules = (
			);
			dependencies = (
			);
			name = "AirPollution-Weather-APP";
			packageProductDependencies = (
				0A2D1DBE28F321990065B6DC /* SnapKit */,
			);
			productName = "AirPollution-Weather-APP";
			productReference = 0A2D1DA628F3181C0065B6DC /* AirPollution-Weather-APP.app */;
			productType = "com.apple.product-type.application";
		};
/* End PBXNativeTarget section */

/* Begin PBXProject section */
		0A2D1D9E28F3181C0065B6DC /* Project object */ = {
			isa = PBXProject;
			attributes = {
				BuildIndependentTargetsInParallel = 1;
				LastSwiftUpdateCheck = 1400;
				LastUpgradeCheck = 1400;
				TargetAttributes = {
					0A2D1DA528F3181C0065B6DC = {
						CreatedOnToolsVersion = 14.0.1;
					};
				};
			};
			buildConfigurationList = 0A2D1DA128F3181C0065B6DC /* Build configuration list for PBXProject "AirPollution-Weather-APP" */;
			compatibilityVersion = "Xcode 14.0";
			developmentRegion = en;
			hasScannedForEncodings = 0;
			knownRegions = (
				en,
				Base,
			);
			mainGroup = 0A2D1D9D28F3181C0065B6DC;
			packageReferences = (
				0A2D1DBD28F321990065B6DC /* XCRemoteSwiftPackageReference "SnapKit" */,
			);
			productRefGroup = 0A2D1DA728F3181C0065B6DC /* Products */;
			projectDirPath = "";
			projectRoot = "";
			targets = (
				0A2D1DA528F3181C0065B6DC /* AirPollution-Weather-APP */,
			);
		};
/* End PBXProject section */

/* Begin PBXResourcesBuildPhase section */
		0A2D1DA428F3181C0065B6DC /* Resources */ = {
			isa = PBXResourcesBuildPhase;
			buildActionMask = 2147483647;
			files = (
				0A2D1DB628F3181D0065B6DC /* LaunchScreen.storyboard in Resources */,
				0A2D1DB328F3181D0065B6DC /* Assets.xcassets in Resources */,
			);
			runOnlyForDeploymentPostprocessing = 0;
		};
/* End PBXResourcesBuildPhase section */

/* Begin PBXSourcesBuildPhase section */
		0A2D1DA228F3181C0065B6DC /* Sources */ = {
			isa = PBXSourcesBuildPhase;
			buildActionMask = 2147483647;
			files = (
				0A7F98D628F3330600C1AB50 /* NetworkManager.swift in Sources */,
				0A2D1DAE28F3181C0065B6DC /* DustViewController.swift in Sources */,
				0A7F98DB28F3349D00C1AB50 /* APIKey.swift in Sources */,
				0A739EAC28F3639800E629E8 /* PassThroughView.swift in Sources */,
				0A2D1DAA28F3181C0065B6DC /* AppDelegate.swift in Sources */,
				0A739EB128F3691800E629E8 /* UIColor+.swift in Sources */,
				0A436ED428F4849E00DDE543 /* UILabel+.swift in Sources */,
				0A7F98D028F3310500C1AB50 /* AirPollutionApiModel.swift in Sources */,
				0A7F98E028F3437900C1AB50 /* AirPollutionDataStatus.swift in Sources */,
				0A9EB1EA28F5332400975AF9 /* UITextField+.swift in Sources */,
				0A739EAE28F363BF00E629E8 /* BottomSheetView.swift in Sources */,
				0A2D1DAC28F3181C0065B6DC /* SceneDelegate.swift in Sources */,
				0A7F98D428F332B000C1AB50 /* NetworkError.swift in Sources */,
				0A9EB1E728F4F83000975AF9 /* WeatherDataApiModel.swift in Sources */,
			);
			runOnlyForDeploymentPostprocessing = 0;
		};
/* End PBXSourcesBuildPhase section */

/* Begin PBXVariantGroup section */
		0A2D1DB428F3181D0065B6DC /* LaunchScreen.storyboard */ = {
			isa = PBXVariantGroup;
			children = (
				0A2D1DB528F3181D0065B6DC /* Base */,
			);
			name = LaunchScreen.storyboard;
			sourceTree = "<group>";
		};
/* End PBXVariantGroup section */

/* Begin XCBuildConfiguration section */
		0A2D1DB828F3181D0065B6DC /* Debug */ = {
			isa = XCBuildConfiguration;
			buildSettings = {
				ALWAYS_SEARCH_USER_PATHS = NO;
				CLANG_ANALYZER_NONNULL = YES;
				CLANG_ANALYZER_NUMBER_OBJECT_CONVERSION = YES_AGGRESSIVE;
				CLANG_CXX_LANGUAGE_STANDARD = "gnu++20";
				CLANG_ENABLE_MODULES = YES;
				CLANG_ENABLE_OBJC_ARC = YES;
				CLANG_ENABLE_OBJC_WEAK = YES;
				CLANG_WARN_BLOCK_CAPTURE_AUTORELEASING = YES;
				CLANG_WARN_BOOL_CONVERSION = YES;
				CLANG_WARN_COMMA = YES;
				CLANG_WARN_CONSTANT_CONVERSION = YES;
				CLANG_WARN_DEPRECATED_OBJC_IMPLEMENTATIONS = YES;
				CLANG_WARN_DIRECT_OBJC_ISA_USAGE = YES_ERROR;
				CLANG_WARN_DOCUMENTATION_COMMENTS = YES;
				CLANG_WARN_EMPTY_BODY = YES;
				CLANG_WARN_ENUM_CONVERSION = YES;
				CLANG_WARN_INFINITE_RECURSION = YES;
				CLANG_WARN_INT_CONVERSION = YES;
				CLANG_WARN_NON_LITERAL_NULL_CONVERSION = YES;
				CLANG_WARN_OBJC_IMPLICIT_RETAIN_SELF = YES;
				CLANG_WARN_OBJC_LITERAL_CONVERSION = YES;
				CLANG_WARN_OBJC_ROOT_CLASS = YES_ERROR;
				CLANG_WARN_QUOTED_INCLUDE_IN_FRAMEWORK_HEADER = YES;
				CLANG_WARN_RANGE_LOOP_ANALYSIS = YES;
				CLANG_WARN_STRICT_PROTOTYPES = YES;
				CLANG_WARN_SUSPICIOUS_MOVE = YES;
				CLANG_WARN_UNGUARDED_AVAILABILITY = YES_AGGRESSIVE;
				CLANG_WARN_UNREACHABLE_CODE = YES;
				CLANG_WARN__DUPLICATE_METHOD_MATCH = YES;
				COPY_PHASE_STRIP = NO;
				DEBUG_INFORMATION_FORMAT = dwarf;
				ENABLE_STRICT_OBJC_MSGSEND = YES;
				ENABLE_TESTABILITY = YES;
				GCC_C_LANGUAGE_STANDARD = gnu11;
				GCC_DYNAMIC_NO_PIC = NO;
				GCC_NO_COMMON_BLOCKS = YES;
				GCC_OPTIMIZATION_LEVEL = 0;
				GCC_PREPROCESSOR_DEFINITIONS = (
					"DEBUG=1",
					"$(inherited)",
				);
				GCC_WARN_64_TO_32_BIT_CONVERSION = YES;
				GCC_WARN_ABOUT_RETURN_TYPE = YES_ERROR;
				GCC_WARN_UNDECLARED_SELECTOR = YES;
				GCC_WARN_UNINITIALIZED_AUTOS = YES_AGGRESSIVE;
				GCC_WARN_UNUSED_FUNCTION = YES;
				GCC_WARN_UNUSED_VARIABLE = YES;
				IPHONEOS_DEPLOYMENT_TARGET = 16.0;
				MTL_ENABLE_DEBUG_INFO = INCLUDE_SOURCE;
				MTL_FAST_MATH = YES;
				ONLY_ACTIVE_ARCH = YES;
				SDKROOT = iphoneos;
				SWIFT_ACTIVE_COMPILATION_CONDITIONS = DEBUG;
				SWIFT_OPTIMIZATION_LEVEL = "-Onone";
			};
			name = Debug;
		};
		0A2D1DB928F3181D0065B6DC /* Release */ = {
			isa = XCBuildConfiguration;
			buildSettings = {
				ALWAYS_SEARCH_USER_PATHS = NO;
				CLANG_ANALYZER_NONNULL = YES;
				CLANG_ANALYZER_NUMBER_OBJECT_CONVERSION = YES_AGGRESSIVE;
				CLANG_CXX_LANGUAGE_STANDARD = "gnu++20";
				CLANG_ENABLE_MODULES = YES;
				CLANG_ENABLE_OBJC_ARC = YES;
				CLANG_ENABLE_OBJC_WEAK = YES;
				CLANG_WARN_BLOCK_CAPTURE_AUTORELEASING = YES;
				CLANG_WARN_BOOL_CONVERSION = YES;
				CLANG_WARN_COMMA = YES;
				CLANG_WARN_CONSTANT_CONVERSION = YES;
				CLANG_WARN_DEPRECATED_OBJC_IMPLEMENTATIONS = YES;
				CLANG_WARN_DIRECT_OBJC_ISA_USAGE = YES_ERROR;
				CLANG_WARN_DOCUMENTATION_COMMENTS = YES;
				CLANG_WARN_EMPTY_BODY = YES;
				CLANG_WARN_ENUM_CONVERSION = YES;
				CLANG_WARN_INFINITE_RECURSION = YES;
				CLANG_WARN_INT_CONVERSION = YES;
				CLANG_WARN_NON_LITERAL_NULL_CONVERSION = YES;
				CLANG_WARN_OBJC_IMPLICIT_RETAIN_SELF = YES;
				CLANG_WARN_OBJC_LITERAL_CONVERSION = YES;
				CLANG_WARN_OBJC_ROOT_CLASS = YES_ERROR;
				CLANG_WARN_QUOTED_INCLUDE_IN_FRAMEWORK_HEADER = YES;
				CLANG_WARN_RANGE_LOOP_ANALYSIS = YES;
				CLANG_WARN_STRICT_PROTOTYPES = YES;
				CLANG_WARN_SUSPICIOUS_MOVE = YES;
				CLANG_WARN_UNGUARDED_AVAILABILITY = YES_AGGRESSIVE;
				CLANG_WARN_UNREACHABLE_CODE = YES;
				CLANG_WARN__DUPLICATE_METHOD_MATCH = YES;
				COPY_PHASE_STRIP = NO;
				DEBUG_INFORMATION_FORMAT = "dwarf-with-dsym";
				ENABLE_NS_ASSERTIONS = NO;
				ENABLE_STRICT_OBJC_MSGSEND = YES;
				GCC_C_LANGUAGE_STANDARD = gnu11;
				GCC_NO_COMMON_BLOCKS = YES;
				GCC_WARN_64_TO_32_BIT_CONVERSION = YES;
				GCC_WARN_ABOUT_RETURN_TYPE = YES_ERROR;
				GCC_WARN_UNDECLARED_SELECTOR = YES;
				GCC_WARN_UNINITIALIZED_AUTOS = YES_AGGRESSIVE;
				GCC_WARN_UNUSED_FUNCTION = YES;
				GCC_WARN_UNUSED_VARIABLE = YES;
				IPHONEOS_DEPLOYMENT_TARGET = 16.0;
				MTL_ENABLE_DEBUG_INFO = NO;
				MTL_FAST_MATH = YES;
				SDKROOT = iphoneos;
				SWIFT_COMPILATION_MODE = wholemodule;
				SWIFT_OPTIMIZATION_LEVEL = "-O";
				VALIDATE_PRODUCT = YES;
			};
			name = Release;
		};
		0A2D1DBB28F3181D0065B6DC /* Debug */ = {
			isa = XCBuildConfiguration;
			buildSettings = {
				ASSETCATALOG_COMPILER_APPICON_NAME = AppIcon;
				ASSETCATALOG_COMPILER_GLOBAL_ACCENT_COLOR_NAME = AccentColor;
				CODE_SIGN_STYLE = Automatic;
				CURRENT_PROJECT_VERSION = 1;
				DEVELOPMENT_TEAM = HD34Q2YK79;
				GENERATE_INFOPLIST_FILE = YES;
				INFOPLIST_FILE = "AirPollution-Weather-APP/Info.plist";
				INFOPLIST_KEY_UIApplicationSupportsIndirectInputEvents = YES;
				INFOPLIST_KEY_UILaunchStoryboardName = LaunchScreen;
				INFOPLIST_KEY_UISupportedInterfaceOrientations = UIInterfaceOrientationPortrait;
				INFOPLIST_KEY_UISupportedInterfaceOrientations_iPad = "UIInterfaceOrientationLandscapeLeft UIInterfaceOrientationLandscapeRight UIInterfaceOrientationPortrait UIInterfaceOrientationPortraitUpsideDown";
				IPHONEOS_DEPLOYMENT_TARGET = 15.0;
				LD_RUNPATH_SEARCH_PATHS = (
					"$(inherited)",
					"@executable_path/Frameworks",
				);
				MARKETING_VERSION = 1.0;
				PRODUCT_BUNDLE_IDENTIFIER = "ian.AirPollution-Weather-APP";
				PRODUCT_NAME = "$(TARGET_NAME)";
				SUPPORTED_PLATFORMS = "iphoneos iphonesimulator";
				SUPPORTS_MACCATALYST = NO;
				SUPPORTS_MAC_DESIGNED_FOR_IPHONE_IPAD = YES;
				SWIFT_EMIT_LOC_STRINGS = YES;
				SWIFT_VERSION = 5.0;
				TARGETED_DEVICE_FAMILY = 1;
			};
			name = Debug;
		};
		0A2D1DBC28F3181D0065B6DC /* Release */ = {
			isa = XCBuildConfiguration;
			buildSettings = {
				ASSETCATALOG_COMPILER_APPICON_NAME = AppIcon;
				ASSETCATALOG_COMPILER_GLOBAL_ACCENT_COLOR_NAME = AccentColor;
				CODE_SIGN_STYLE = Automatic;
				CURRENT_PROJECT_VERSION = 1;
				DEVELOPMENT_TEAM = HD34Q2YK79;
				GENERATE_INFOPLIST_FILE = YES;
				INFOPLIST_FILE = "AirPollution-Weather-APP/Info.plist";
				INFOPLIST_KEY_UIApplicationSupportsIndirectInputEvents = YES;
				INFOPLIST_KEY_UILaunchStoryboardName = LaunchScreen;
				INFOPLIST_KEY_UISupportedInterfaceOrientations = UIInterfaceOrientationPortrait;
				INFOPLIST_KEY_UISupportedInterfaceOrientations_iPad = "UIInterfaceOrientationLandscapeLeft UIInterfaceOrientationLandscapeRight UIInterfaceOrientationPortrait UIInterfaceOrientationPortraitUpsideDown";
				IPHONEOS_DEPLOYMENT_TARGET = 15.0;
				LD_RUNPATH_SEARCH_PATHS = (
					"$(inherited)",
					"@executable_path/Frameworks",
				);
				MARKETING_VERSION = 1.0;
				PRODUCT_BUNDLE_IDENTIFIER = "ian.AirPollution-Weather-APP";
				PRODUCT_NAME = "$(TARGET_NAME)";
				SUPPORTED_PLATFORMS = "iphoneos iphonesimulator";
				SUPPORTS_MACCATALYST = NO;
				SUPPORTS_MAC_DESIGNED_FOR_IPHONE_IPAD = YES;
				SWIFT_EMIT_LOC_STRINGS = YES;
				SWIFT_VERSION = 5.0;
				TARGETED_DEVICE_FAMILY = 1;
			};
			name = Release;
		};
/* End XCBuildConfiguration section */

/* Begin XCConfigurationList section */
		0A2D1DA128F3181C0065B6DC /* Build configuration list for PBXProject "AirPollution-Weather-APP" */ = {
			isa = XCConfigurationList;
			buildConfigurations = (
				0A2D1DB828F3181D0065B6DC /* Debug */,
				0A2D1DB928F3181D0065B6DC /* Release */,
			);
			defaultConfigurationIsVisible = 0;
			defaultConfigurationName = Release;
		};
		0A2D1DBA28F3181D0065B6DC /* Build configuration list for PBXNativeTarget "AirPollution-Weather-APP" */ = {
			isa = XCConfigurationList;
			buildConfigurations = (
				0A2D1DBB28F3181D0065B6DC /* Debug */,
				0A2D1DBC28F3181D0065B6DC /* Release */,
			);
			defaultConfigurationIsVisible = 0;
			defaultConfigurationName = Release;
		};
/* End XCConfigurationList section */

/* Begin XCRemoteSwiftPackageReference section */
		0A2D1DBD28F321990065B6DC /* XCRemoteSwiftPackageReference "SnapKit" */ = {
			isa = XCRemoteSwiftPackageReference;
			repositoryURL = "https://github.com/SnapKit/SnapKit.git";
			requirement = {
				branch = develop;
				kind = branch;
			};
		};
/* End XCRemoteSwiftPackageReference section */

/* Begin XCSwiftPackageProductDependency section */
		0A2D1DBE28F321990065B6DC /* SnapKit */ = {
			isa = XCSwiftPackageProductDependency;
			package = 0A2D1DBD28F321990065B6DC /* XCRemoteSwiftPackageReference "SnapKit" */;
			productName = SnapKit;
		};
/* End XCSwiftPackageProductDependency section */
	};
	rootObject = 0A2D1D9E28F3181C0065B6DC /* Project object */;
}
